
Microsoft Visual Studio Solution File, Format Version 12.00
# Visual Studio 15
VisualStudioVersion = 15.0.26730.12
MinimumVisualStudioVersion = 10.0.40219.1
Project("{FAE04EC0-301F-11D3-BF4B-00C04F79EFBC}") = "WebApi", "WebApi\WebApi.csproj", "{718C19BC-88E8-4F94-B439-7AB2F1A1C0E5}"
EndProject
Project("{FAE04EC0-301F-11D3-BF4B-00C04F79EFBC}") = "Business", "Business\Business.csproj", "{79753B9C-7BC0-4661-8943-6D809B329C0F}"
EndProject
Global
	GlobalSection(SolutionConfigurationPlatforms) = preSolution
		Debug|Any CPU = Debug|Any CPU
		Release|Any CPU = Release|Any CPU
	EndGlobalSection
	GlobalSection(ProjectConfigurationPlatforms) = postSolution
		{718C19BC-88E8-4F94-B439-7AB2F1A1C0E5}.Debug|Any CPU.ActiveCfg = Debug|Any CPU
		{718C19BC-88E8-4F94-B439-7AB2F1A1C0E5}.Debug|Any CPU.Build.0 = Debug|Any CPU
		{718C19BC-88E8-4F94-B439-7AB2F1A1C0E5}.Release|Any CPU.ActiveCfg = Release|Any CPU
		{718C19BC-88E8-4F94-B439-7AB2F1A1C0E5}.Release|Any CPU.Build.0 = Release|Any CPU
		{79753B9C-7BC0-4661-8943-6D809B329C0F}.Debug|Any CPU.ActiveCfg = Debug|Any CPU
		{79753B9C-7BC0-4661-8943-6D809B329C0F}.Debug|Any CPU.Build.0 = Debug|Any CPU
		{79753B9C-7BC0-4661-8943-6D809B329C0F}.Release|Any CPU.ActiveCfg = Release|Any CPU
		{79753B9C-7BC0-4661-8943-6D809B329C0F}.Release|Any CPU.Build.0 = Release|Any CPU
	EndGlobalSection
	GlobalSection(SolutionProperties) = preSolution
		HideSolutionNode = FALSE
	EndGlobalSection
	GlobalSection(ExtensibilityGlobals) = postSolution
		SolutionGuid = {2AF79079-DA8B-4E50-8B02-9F1EC4FE3476}
	EndGlobalSection
EndGlobal
